<Solution>
  <Folder Name="/src/">
    <Project Path="src/Guacamole.Mediator/Guacamole.Mediator.csproj" />
    <Project Path="src/Guacamole.ObjectMapper/Guacamole.ObjectMapper.csproj" />
    <Project Path="src/Guacamole.QueueProcessor/Guacamole.QueueProcessor.csproj" />
  </Folder>
  <Folder Name="/tests/">
    <Project Path="tests/Guacamole.Mediator.Tests/Guacamole.Mediator.Tests.csproj" />
    <Project Path="tests/Guacamole.ObjectMapper.Tests/Guacamole.ObjectMapper.Tests.csproj" />
    <Project Path="tests/Guacamole.QueueProcessor.Benchmarks/Guacamole.QueueProcessor.Benchmarks.csproj" />
    <Project Path="tests/Guacamole.QueueProcessor.Tests/Guacamole.QueueProcessor.Tests.csproj" />
  </Folder>
</Solution>